{
  "name": "githero",
  "version": "0.0.0",
  "lockfileVersion": 3,
  "requires": true,
  "packages": {
    "": {
      "name": "githero",
      "version": "0.0.0",
      "dependencies": {
        "link": "^2.1.2",
        "navigate": "^0.3.6"
      }
    },
    "node_modules/link": {
      "version": "2.1.2",
      "resolved": "https://registry.npmjs.org/link/-/link-2.1.2.tgz",
      "integrity": "sha512-n+OitQgtITNBGiWmEMgMiXo/fkf3yeyLm2nXm87vO4DDpaYrx57AZs/PMDk25qJIv+l586V226B2mA1H/n9zvg==",
      "license": "MIT",
      "bin": {
        "link": "dist/cli.js"
      },
      "funding": {
        "url": "https://github.com/privatenumber/link?sponsor=1"
      }
    },
    "node_modules/navigate": {
      "version": "0.3.6",
      "resolved": "https://registry.npmjs.org/navigate/-/navigate-0.3.6.tgz",
      "integrity": "sha512-2m4e51H3BFTRs3xEWTZDRw+0QByI6245oDGQyubaEJNI0R/Htf6Oh4Hw6VH5dsWYD82iAwpnanXDmECKEuXPGQ==",
      "license": "MIT",
      "engines": {
        "node": "*"
      }
    }
  }
}